
Microsoft Visual Studio Solution File, Format Version 12.00
# Visual Studio Version 16
VisualStudioVersion = 16.0.30517.126
MinimumVisualStudioVersion = 10.0.40219.1
Project("{9A19103F-16F7-4668-BE54-9A1E7A4F7556}") = "CedRentFIMAAPIPOM", "CedRentFIMAAPIPOM.csproj", "{60A5BDD9-38F8-49C1-BC79-4F40D94D92B0}"
EndProject
Global
	GlobalSection(SolutionConfigurationPlatforms) = preSolution
		Debug|Any CPU = Debug|Any CPU
		Release|Any CPU = Release|Any CPU
	EndGlobalSection
	GlobalSection(ProjectConfigurationPlatforms) = postSolution
		{60A5BDD9-38F8-49C1-BC79-4F40D94D92B0}.Debug|Any CPU.ActiveCfg = Debug|Any CPU
		{60A5BDD9-38F8-49C1-BC79-4F40D94D92B0}.Debug|Any CPU.Build.0 = Debug|Any CPU
		{60A5BDD9-38F8-49C1-BC79-4F40D94D92B0}.Release|Any CPU.ActiveCfg = Release|Any CPU
		{60A5BDD9-38F8-49C1-BC79-4F40D94D92B0}.Release|Any CPU.Build.0 = Release|Any CPU
	EndGlobalSection
	GlobalSection(SolutionProperties) = preSolution
		HideSolutionNode = FALSE
	EndGlobalSection
	GlobalSection(ExtensibilityGlobals) = postSolution
		SolutionGuid = {5C98AD58-46B9-4344-A7BB-96CE6021DE28}
	EndGlobalSection
EndGlobal
